
Microsoft Visual Studio Solution File, Format Version 12.00
# Visual Studio Version 16
VisualStudioVersion = 16.0.30114.105
MinimumVisualStudioVersion = 10.0.40219.1
Project("{9A19103F-16F7-4668-BE54-9A1E7A4F7556}") = "ApiSolPetsDDD.Domain", "ApiSolPetsDDD.Domain\ApiSolPetsDDD.Domain.csproj", "{664776EB-AA93-43F5-9F40-00725226FC76}"
EndProject
Project("{9A19103F-16F7-4668-BE54-9A1E7A4F7556}") = "ApiSolPetsDDD.Application", "ApiSolPetsDDD.Application\ApiSolPetsDDD.Application.csproj", "{2E1E6466-464B-44A5-B91D-BA11ED639699}"
EndProject
Project("{9A19103F-16F7-4668-BE54-9A1E7A4F7556}") = "ApiSolPetsDDD.Infra.CrossCutting", "ApiSolPetsDDD.Infra.CrossCutting\ApiSolPetsDDD.Infra.CrossCutting.csproj", "{94517C9A-4DBB-4531-AF09-C1ADBA6F068B}"
EndProject
Project("{9A19103F-16F7-4668-BE54-9A1E7A4F7556}") = "ApiSolPetsDDD.Infra.Data", "ApiSolPetsDDD.Infra.Data\ApiSolPetsDDD.Infra.Data.csproj", "{006D3A60-7816-4117-8C6A-153AF0B94E34}"
EndProject
Project("{9A19103F-16F7-4668-BE54-9A1E7A4F7556}") = "ApiSolPetsDDD.WebAPI", "ApiSolPetsDDD.WebAPI\ApiSolPetsDDD.WebAPI.csproj", "{E2D07ECA-7E07-4275-A69E-63EC97DC08F3}"
EndProject
Project("{2150E333-8FDC-42A3-9474-1A3956D46DE8}") = "1 - Service", "1 - Service", "{A1CB263F-1C15-42E9-AD91-F77407BB88E3}"
EndProject
Project("{2150E333-8FDC-42A3-9474-1A3956D46DE8}") = "2 - Application", "2 - Application", "{15C2BC1A-F462-40F8-96AA-4F14D8AB60E6}"
EndProject
Project("{2150E333-8FDC-42A3-9474-1A3956D46DE8}") = "3 - Domain", "3 - Domain", "{FAFCEFAC-DCF0-41BC-AA46-1E2959F0BE86}"
EndProject
Project("{2150E333-8FDC-42A3-9474-1A3956D46DE8}") = "4 - Infra", "4 - Infra", "{0621A0F7-1126-422A-A6C2-A20527738B10}"
EndProject
Project("{2150E333-8FDC-42A3-9474-1A3956D46DE8}") = "4.1 - Data", "4.1 - Data", "{2EB63EE3-F38E-44C0-8B87-28EB9EC459E8}"
EndProject
Project("{2150E333-8FDC-42A3-9474-1A3956D46DE8}") = "4.2 - CrossCutting", "4.2 - CrossCutting", "{1B68C296-24AE-4361-848A-79B19F0E13C3}"
EndProject
Project("{2150E333-8FDC-42A3-9474-1A3956D46DE8}") = "5 - Testes", "5 - Testes", "{DF489B07-3694-4CB9-A24C-938D5C551DAB}"
EndProject
Project("{9A19103F-16F7-4668-BE54-9A1E7A4F7556}") = "SOLPETS.TEST", "SOLPETS.TEST\SOLPETS.TEST.csproj", "{A39E321D-9F0F-4A3E-9D4E-5E51BE74B41A}"
EndProject
Global
	GlobalSection(SolutionConfigurationPlatforms) = preSolution
		Debug|Any CPU = Debug|Any CPU
		Debug|x64 = Debug|x64
		Debug|x86 = Debug|x86
		Release|Any CPU = Release|Any CPU
		Release|x64 = Release|x64
		Release|x86 = Release|x86
	EndGlobalSection
	GlobalSection(ProjectConfigurationPlatforms) = postSolution
		{664776EB-AA93-43F5-9F40-00725226FC76}.Debug|Any CPU.ActiveCfg = Debug|Any CPU
		{664776EB-AA93-43F5-9F40-00725226FC76}.Debug|Any CPU.Build.0 = Debug|Any CPU
		{664776EB-AA93-43F5-9F40-00725226FC76}.Debug|x64.ActiveCfg = Debug|Any CPU
		{664776EB-AA93-43F5-9F40-00725226FC76}.Debug|x64.Build.0 = Debug|Any CPU
		{664776EB-AA93-43F5-9F40-00725226FC76}.Debug|x86.ActiveCfg = Debug|Any CPU
		{664776EB-AA93-43F5-9F40-00725226FC76}.Debug|x86.Build.0 = Debug|Any CPU
		{664776EB-AA93-43F5-9F40-00725226FC76}.Release|Any CPU.ActiveCfg = Release|Any CPU
		{664776EB-AA93-43F5-9F40-00725226FC76}.Release|Any CPU.Build.0 = Release|Any CPU
		{664776EB-AA93-43F5-9F40-00725226FC76}.Release|x64.ActiveCfg = Release|Any CPU
		{664776EB-AA93-43F5-9F40-00725226FC76}.Release|x64.Build.0 = Release|Any CPU
		{664776EB-AA93-43F5-9F40-00725226FC76}.Release|x86.ActiveCfg = Release|Any CPU
		{664776EB-AA93-43F5-9F40-00725226FC76}.Release|x86.Build.0 = Release|Any CPU
		{2E1E6466-464B-44A5-B91D-BA11ED639699}.Debug|Any CPU.ActiveCfg = Debug|Any CPU
		{2E1E6466-464B-44A5-B91D-BA11ED639699}.Debug|Any CPU.Build.0 = Debug|Any CPU
		{2E1E6466-464B-44A5-B91D-BA11ED639699}.Debug|x64.ActiveCfg = Debug|Any CPU
		{2E1E6466-464B-44A5-B91D-BA11ED639699}.Debug|x64.Build.0 = Debug|Any CPU
		{2E1E6466-464B-44A5-B91D-BA11ED639699}.Debug|x86.ActiveCfg = Debug|Any CPU
		{2E1E6466-464B-44A5-B91D-BA11ED639699}.Debug|x86.Build.0 = Debug|Any CPU
		{2E1E6466-464B-44A5-B91D-BA11ED639699}.Release|Any CPU.ActiveCfg = Release|Any CPU
		{2E1E6466-464B-44A5-B91D-BA11ED639699}.Release|Any CPU.Build.0 = Release|Any CPU
		{2E1E6466-464B-44A5-B91D-BA11ED639699}.Release|x64.ActiveCfg = Release|Any CPU
		{2E1E6466-464B-44A5-B91D-BA11ED639699}.Release|x64.Build.0 = Release|Any CPU
		{2E1E6466-464B-44A5-B91D-BA11ED639699}.Release|x86.ActiveCfg = Release|Any CPU
		{2E1E6466-464B-44A5-B91D-BA11ED639699}.Release|x86.Build.0 = Release|Any CPU
		{94517C9A-4DBB-4531-AF09-C1ADBA6F068B}.Debug|Any CPU.ActiveCfg = Debug|Any CPU
		{94517C9A-4DBB-4531-AF09-C1ADBA6F068B}.Debug|Any CPU.Build.0 = Debug|Any CPU
		{94517C9A-4DBB-4531-AF09-C1ADBA6F068B}.Debug|x64.ActiveCfg = Debug|Any CPU
		{94517C9A-4DBB-4531-AF09-C1ADBA6F068B}.Debug|x64.Build.0 = Debug|Any CPU
		{94517C9A-4DBB-4531-AF09-C1ADBA6F068B}.Debug|x86.ActiveCfg = Debug|Any CPU
		{94517C9A-4DBB-4531-AF09-C1ADBA6F068B}.Debug|x86.Build.0 = Debug|Any CPU
		{94517C9A-4DBB-4531-AF09-C1ADBA6F068B}.Release|Any CPU.ActiveCfg = Release|Any CPU
		{94517C9A-4DBB-4531-AF09-C1ADBA6F068B}.Release|Any CPU.Build.0 = Release|Any CPU
		{94517C9A-4DBB-4531-AF09-C1ADBA6F068B}.Release|x64.ActiveCfg = Release|Any CPU
		{94517C9A-4DBB-4531-AF09-C1ADBA6F068B}.Release|x64.Build.0 = Release|Any CPU
		{94517C9A-4DBB-4531-AF09-C1ADBA6F068B}.Release|x86.ActiveCfg = Release|Any CPU
		{94517C9A-4DBB-4531-AF09-C1ADBA6F068B}.Release|x86.Build.0 = Release|Any CPU
		{006D3A60-7816-4117-8C6A-153AF0B94E34}.Debug|Any CPU.ActiveCfg = Debug|Any CPU
		{006D3A60-7816-4117-8C6A-153AF0B94E34}.Debug|Any CPU.Build.0 = Debug|Any CPU
		{006D3A60-7816-4117-8C6A-153AF0B94E34}.Debug|x64.ActiveCfg = Debug|Any CPU
		{006D3A60-7816-4117-8C6A-153AF0B94E34}.Debug|x64.Build.0 = Debug|Any CPU
		{006D3A60-7816-4117-8C6A-153AF0B94E34}.Debug|x86.ActiveCfg = Debug|Any CPU
		{006D3A60-7816-4117-8C6A-153AF0B94E34}.Debug|x86.Build.0 = Debug|Any CPU
		{006D3A60-7816-4117-8C6A-153AF0B94E34}.Release|Any CPU.ActiveCfg = Release|Any CPU
		{006D3A60-7816-4117-8C6A-153AF0B94E34}.Release|Any CPU.Build.0 = Release|Any CPU
		{006D3A60-7816-4117-8C6A-153AF0B94E34}.Release|x64.ActiveCfg = Release|Any CPU
		{006D3A60-7816-4117-8C6A-153AF0B94E34}.Release|x64.Build.0 = Release|Any CPU
		{006D3A60-7816-4117-8C6A-153AF0B94E34}.Release|x86.ActiveCfg = Release|Any CPU
		{006D3A60-7816-4117-8C6A-153AF0B94E34}.Release|x86.Build.0 = Release|Any CPU
		{E2D07ECA-7E07-4275-A69E-63EC97DC08F3}.Debug|Any CPU.ActiveCfg = Debug|Any CPU
		{E2D07ECA-7E07-4275-A69E-63EC97DC08F3}.Debug|Any CPU.Build.0 = Debug|Any CPU
		{E2D07ECA-7E07-4275-A69E-63EC97DC08F3}.Debug|x64.ActiveCfg = Debug|Any CPU
		{E2D07ECA-7E07-4275-A69E-63EC97DC08F3}.Debug|x64.Build.0 = Debug|Any CPU
		{E2D07ECA-7E07-4275-A69E-63EC97DC08F3}.Debug|x86.ActiveCfg = Debug|Any CPU
		{E2D07ECA-7E07-4275-A69E-63EC97DC08F3}.Debug|x86.Build.0 = Debug|Any CPU
		{E2D07ECA-7E07-4275-A69E-63EC97DC08F3}.Release|Any CPU.ActiveCfg = Release|Any CPU
		{E2D07ECA-7E07-4275-A69E-63EC97DC08F3}.Release|Any CPU.Build.0 = Release|Any CPU
		{E2D07ECA-7E07-4275-A69E-63EC97DC08F3}.Release|x64.ActiveCfg = Release|Any CPU
		{E2D07ECA-7E07-4275-A69E-63EC97DC08F3}.Release|x64.Build.0 = Release|Any CPU
		{E2D07ECA-7E07-4275-A69E-63EC97DC08F3}.Release|x86.ActiveCfg = Release|Any CPU
		{E2D07ECA-7E07-4275-A69E-63EC97DC08F3}.Release|x86.Build.0 = Release|Any CPU
		{A39E321D-9F0F-4A3E-9D4E-5E51BE74B41A}.Debug|Any CPU.ActiveCfg = Debug|Any CPU
		{A39E321D-9F0F-4A3E-9D4E-5E51BE74B41A}.Debug|Any CPU.Build.0 = Debug|Any CPU
		{A39E321D-9F0F-4A3E-9D4E-5E51BE74B41A}.Debug|x64.ActiveCfg = Debug|Any CPU
		{A39E321D-9F0F-4A3E-9D4E-5E51BE74B41A}.Debug|x64.Build.0 = Debug|Any CPU
		{A39E321D-9F0F-4A3E-9D4E-5E51BE74B41A}.Debug|x86.ActiveCfg = Debug|Any CPU
		{A39E321D-9F0F-4A3E-9D4E-5E51BE74B41A}.Debug|x86.Build.0 = Debug|Any CPU
		{A39E321D-9F0F-4A3E-9D4E-5E51BE74B41A}.Release|Any CPU.ActiveCfg = Release|Any CPU
		{A39E321D-9F0F-4A3E-9D4E-5E51BE74B41A}.Release|Any CPU.Build.0 = Release|Any CPU
		{A39E321D-9F0F-4A3E-9D4E-5E51BE74B41A}.Release|x64.ActiveCfg = Release|Any CPU
		{A39E321D-9F0F-4A3E-9D4E-5E51BE74B41A}.Release|x64.Build.0 = Release|Any CPU
		{A39E321D-9F0F-4A3E-9D4E-5E51BE74B41A}.Release|x86.ActiveCfg = Release|Any CPU
		{A39E321D-9F0F-4A3E-9D4E-5E51BE74B41A}.Release|x86.Build.0 = Release|Any CPU
	EndGlobalSection
	GlobalSection(SolutionProperties) = preSolution
		HideSolutionNode = FALSE
	EndGlobalSection
	GlobalSection(NestedProjects) = preSolution
		{664776EB-AA93-43F5-9F40-00725226FC76} = {FAFCEFAC-DCF0-41BC-AA46-1E2959F0BE86}
		{2E1E6466-464B-44A5-B91D-BA11ED639699} = {15C2BC1A-F462-40F8-96AA-4F14D8AB60E6}
		{94517C9A-4DBB-4531-AF09-C1ADBA6F068B} = {1B68C296-24AE-4361-848A-79B19F0E13C3}
		{006D3A60-7816-4117-8C6A-153AF0B94E34} = {2EB63EE3-F38E-44C0-8B87-28EB9EC459E8}
		{E2D07ECA-7E07-4275-A69E-63EC97DC08F3} = {A1CB263F-1C15-42E9-AD91-F77407BB88E3}
		{2EB63EE3-F38E-44C0-8B87-28EB9EC459E8} = {0621A0F7-1126-422A-A6C2-A20527738B10}
		{1B68C296-24AE-4361-848A-79B19F0E13C3} = {0621A0F7-1126-422A-A6C2-A20527738B10}
		{A39E321D-9F0F-4A3E-9D4E-5E51BE74B41A} = {DF489B07-3694-4CB9-A24C-938D5C551DAB}
	EndGlobalSection
	GlobalSection(ExtensibilityGlobals) = postSolution
		SolutionGuid = {6ADC6938-3BB6-482C-8815-029E2A848BB2}
	EndGlobalSection
EndGlobal
